// !$*UTF8*$!
{
	archiveVersion = 1;
	classes = {
	};
	objectVersion = 46;
	objects = {

/* Begin PBXBuildFile section */
		272C20F395B46C4190AA4B8A /* Pods_MovingAD_iPhone_client.framework in Frameworks */ = {isa = PBXBuildFile; fileRef = EFF29CEC5CC9AF9326090AD9 /* Pods_MovingAD_iPhone_client.framework */; };
		F418B6B71CA01FD100CA7581 /* UIColorExtension.swift in Sources */ = {isa = PBXBuildFile; fileRef = F418B6B61CA01FD100CA7581 /* UIColorExtension.swift */; };
		F422EC371CA3B63200E053D7 /* TestViewController.swift in Sources */ = {isa = PBXBuildFile; fileRef = F422EC361CA3B63200E053D7 /* TestViewController.swift */; };
		F425157F1C9F0E2700D9B2D1 /* MZToastView.swift in Sources */ = {isa = PBXBuildFile; fileRef = F425157E1C9F0E2700D9B2D1 /* MZToastView.swift */; };
		F43162961CEB4AAF0021E3E9 /* MADUserInfo.swift in Sources */ = {isa = PBXBuildFile; fileRef = F43162951CEB4AAF0021E3E9 /* MADUserInfo.swift */; };
		F43162981CEB4C390021E3E9 /* MADForgetPasswordViewController.swift in Sources */ = {isa = PBXBuildFile; fileRef = F43162971CEB4C390021E3E9 /* MADForgetPasswordViewController.swift */; };
		F46EDB511C9FDAD6007E119D /* Animation.swift in Sources */ = {isa = PBXBuildFile; fileRef = F46EDB501C9FDAD6007E119D /* Animation.swift */; };
		F46EDB591C9FDB1B007E119D /* CoreGraphics.framework in Frameworks */ = {isa = PBXBuildFile; fileRef = F46EDB581C9FDB1B007E119D /* CoreGraphics.framework */; };
		F48092D11C9EF77D00A0046A /* MADRegisterViewController.swift in Sources */ = {isa = PBXBuildFile; fileRef = F48092D01C9EF77D00A0046A /* MADRegisterViewController.swift */; };
		F48092D31C9EFCA800A0046A /* URLs.swift in Sources */ = {isa = PBXBuildFile; fileRef = F48092D21C9EFCA800A0046A /* URLs.swift */; };
		F48092D51C9EFD2600A0046A /* NetworkUtil.swift in Sources */ = {isa = PBXBuildFile; fileRef = F48092D41C9EFD2600A0046A /* NetworkUtil.swift */; };
		F48D773B1CB67780004BF2FC /* MADMapViewController.swift in Sources */ = {isa = PBXBuildFile; fileRef = F48D773A1CB67780004BF2FC /* MADMapViewController.swift */; };
		F4D8B4621CA36933000F4FA3 /* MADDataStorage.swift in Sources */ = {isa = PBXBuildFile; fileRef = F4D8B4611CA36933000F4FA3 /* MADDataStorage.swift */; };
		F4D8F0061CB6441E002FAB7B /* MapKit.framework in Frameworks */ = {isa = PBXBuildFile; fileRef = F4D8F0051CB6441E002FAB7B /* MapKit.framework */; };
		F4ECFEF01C9EBECA0023DBF8 /* AppDelegate.swift in Sources */ = {isa = PBXBuildFile; fileRef = F4ECFEEF1C9EBECA0023DBF8 /* AppDelegate.swift */; };
		F4ECFEF51C9EBECA0023DBF8 /* Main.storyboard in Resources */ = {isa = PBXBuildFile; fileRef = F4ECFEF31C9EBECA0023DBF8 /* Main.storyboard */; };
		F4ECFEF71C9EBECA0023DBF8 /* Assets.xcassets in Resources */ = {isa = PBXBuildFile; fileRef = F4ECFEF61C9EBECA0023DBF8 /* Assets.xcassets */; };
		F4ECFEFA1C9EBECA0023DBF8 /* LaunchScreen.storyboard in Resources */ = {isa = PBXBuildFile; fileRef = F4ECFEF81C9EBECA0023DBF8 /* LaunchScreen.storyboard */; };
		F4ECFF031C9EBF4F0023DBF8 /* MADLoginViewController.swift in Sources */ = {isa = PBXBuildFile; fileRef = F4ECFF021C9EBF4F0023DBF8 /* MADLoginViewController.swift */; };
		F4ECFF241C9EBF960023DBF8 /* AsyncButton.swift in Sources */ = {isa = PBXBuildFile; fileRef = F4ECFF061C9EBF960023DBF8 /* AsyncButton.swift */; };
		F4ECFF251C9EBF960023DBF8 /* AsyncImageView.swift in Sources */ = {isa = PBXBuildFile; fileRef = F4ECFF071C9EBF960023DBF8 /* AsyncImageView.swift */; };
		F4ECFF261C9EBF960023DBF8 /* AutoTextView.swift in Sources */ = {isa = PBXBuildFile; fileRef = F4ECFF081C9EBF960023DBF8 /* AutoTextView.swift */; };
		F4ECFF271C9EBF960023DBF8 /* BlurView.swift in Sources */ = {isa = PBXBuildFile; fileRef = F4ECFF091C9EBF960023DBF8 /* BlurView.swift */; };
		F4ECFF281C9EBF960023DBF8 /* DesignableButton.swift in Sources */ = {isa = PBXBuildFile; fileRef = F4ECFF0A1C9EBF960023DBF8 /* DesignableButton.swift */; };
		F4ECFF291C9EBF960023DBF8 /* DesignableImageView.swift in Sources */ = {isa = PBXBuildFile; fileRef = F4ECFF0B1C9EBF960023DBF8 /* DesignableImageView.swift */; };
		F4ECFF2A1C9EBF960023DBF8 /* DesignableLabel.swift in Sources */ = {isa = PBXBuildFile; fileRef = F4ECFF0C1C9EBF960023DBF8 /* DesignableLabel.swift */; };
		F4ECFF2B1C9EBF960023DBF8 /* DesignableTabBarController.swift in Sources */ = {isa = PBXBuildFile; fileRef = F4ECFF0D1C9EBF960023DBF8 /* DesignableTabBarController.swift */; };
		F4ECFF2C1C9EBF960023DBF8 /* DesignableTextField.swift in Sources */ = {isa = PBXBuildFile; fileRef = F4ECFF0E1C9EBF960023DBF8 /* DesignableTextField.swift */; };
		F4ECFF2D1C9EBF960023DBF8 /* DesignableTextView.swift in Sources */ = {isa = PBXBuildFile; fileRef = F4ECFF0F1C9EBF960023DBF8 /* DesignableTextView.swift */; };
		F4ECFF2E1C9EBF960023DBF8 /* DesignableView.swift in Sources */ = {isa = PBXBuildFile; fileRef = F4ECFF101C9EBF960023DBF8 /* DesignableView.swift */; };
		F4ECFF2F1C9EBF960023DBF8 /* ImageLoader.swift in Sources */ = {isa = PBXBuildFile; fileRef = F4ECFF111C9EBF960023DBF8 /* ImageLoader.swift */; };
		F4ECFF301C9EBF960023DBF8 /* Info.plist in Resources */ = {isa = PBXBuildFile; fileRef = F4ECFF121C9EBF960023DBF8 /* Info.plist */; };
		F4ECFF311C9EBF960023DBF8 /* KeyboardLayoutConstraint.swift in Sources */ = {isa = PBXBuildFile; fileRef = F4ECFF131C9EBF960023DBF8 /* KeyboardLayoutConstraint.swift */; };
		F4ECFF321C9EBF960023DBF8 /* LoadingView.swift in Sources */ = {isa = PBXBuildFile; fileRef = F4ECFF141C9EBF960023DBF8 /* LoadingView.swift */; };
		F4ECFF331C9EBF960023DBF8 /* LoadingView.xib in Resources */ = {isa = PBXBuildFile; fileRef = F4ECFF151C9EBF960023DBF8 /* LoadingView.xib */; };
		F4ECFF341C9EBF960023DBF8 /* Misc.swift in Sources */ = {isa = PBXBuildFile; fileRef = F4ECFF161C9EBF960023DBF8 /* Misc.swift */; };
		F4ECFF351C9EBF960023DBF8 /* SoundPlayer.swift in Sources */ = {isa = PBXBuildFile; fileRef = F4ECFF171C9EBF960023DBF8 /* SoundPlayer.swift */; };
		F4ECFF361C9EBF960023DBF8 /* Spring.swift in Sources */ = {isa = PBXBuildFile; fileRef = F4ECFF191C9EBF960023DBF8 /* Spring.swift */; };
		F4ECFF371C9EBF960023DBF8 /* SpringAnimation.swift in Sources */ = {isa = PBXBuildFile; fileRef = F4ECFF1A1C9EBF960023DBF8 /* SpringAnimation.swift */; };
		F4ECFF381C9EBF960023DBF8 /* SpringButton.swift in Sources */ = {isa = PBXBuildFile; fileRef = F4ECFF1B1C9EBF960023DBF8 /* SpringButton.swift */; };
		F4ECFF391C9EBF960023DBF8 /* SpringImageView.swift in Sources */ = {isa = PBXBuildFile; fileRef = F4ECFF1C1C9EBF960023DBF8 /* SpringImageView.swift */; };
		F4ECFF3A1C9EBF960023DBF8 /* SpringLabel.swift in Sources */ = {isa = PBXBuildFile; fileRef = F4ECFF1D1C9EBF960023DBF8 /* SpringLabel.swift */; };
		F4ECFF3B1C9EBF960023DBF8 /* SpringTextField.swift in Sources */ = {isa = PBXBuildFile; fileRef = F4ECFF1E1C9EBF960023DBF8 /* SpringTextField.swift */; };
		F4ECFF3C1C9EBF960023DBF8 /* SpringTextView.swift in Sources */ = {isa = PBXBuildFile; fileRef = F4ECFF1F1C9EBF960023DBF8 /* SpringTextView.swift */; };
		F4ECFF3D1C9EBF960023DBF8 /* SpringView.swift in Sources */ = {isa = PBXBuildFile; fileRef = F4ECFF201C9EBF960023DBF8 /* SpringView.swift */; };
		F4ECFF3E1C9EBF960023DBF8 /* TransitionManager.swift in Sources */ = {isa = PBXBuildFile; fileRef = F4ECFF211C9EBF960023DBF8 /* TransitionManager.swift */; };
		F4ECFF3F1C9EBF960023DBF8 /* TransitionZoom.swift in Sources */ = {isa = PBXBuildFile; fileRef = F4ECFF221C9EBF960023DBF8 /* TransitionZoom.swift */; };
		F4ECFF401C9EBF960023DBF8 /* UnwindSegue.swift in Sources */ = {isa = PBXBuildFile; fileRef = F4ECFF231C9EBF960023DBF8 /* UnwindSegue.swift */; };
		F4ECFF421C9EBFD40023DBF8 /* SwiftyJSON.swift in Sources */ = {isa = PBXBuildFile; fileRef = F4ECFF411C9EBFD40023DBF8 /* SwiftyJSON.swift */; };
		F4EF90A41CA40AB000711D23 /* MADInputValidation.swift in Sources */ = {isa = PBXBuildFile; fileRef = F4EF90A31CA40AB000711D23 /* MADInputValidation.swift */; };
		F4F1B7861CA42041006C6C23 /* MADNewUserViewController.swift in Sources */ = {isa = PBXBuildFile; fileRef = F4F1B7851CA42041006C6C23 /* MADNewUserViewController.swift */; };
		F4FBF0731CA2EB110071CE11 /* MADUploadLicenceViewController.swift in Sources */ = {isa = PBXBuildFile; fileRef = F4FBF0721CA2EB110071CE11 /* MADUploadLicenceViewController.swift */; };
		F4FBF0751CA2EE0B0071CE11 /* ViewController.swift in Sources */ = {isa = PBXBuildFile; fileRef = F4FBF0741CA2EE0B0071CE11 /* ViewController.swift */; };
		F4FBF0771CA2EE230071CE11 /* Definitions.swift in Sources */ = {isa = PBXBuildFile; fileRef = F4FBF0761CA2EE230071CE11 /* Definitions.swift */; };
		F4FBF0791CA2F4FF0071CE11 /* MADHomeViewController.swift in Sources */ = {isa = PBXBuildFile; fileRef = F4FBF0781CA2F4FF0071CE11 /* MADHomeViewController.swift */; };
/* End PBXBuildFile section */

/* Begin PBXFileReference section */
		02D9640CAC1419F857424CA7 /* Pods-MovingAD_iPhone_client.release.xcconfig */ = {isa = PBXFileReference; includeInIndex = 1; lastKnownFileType = text.xcconfig; name = "Pods-MovingAD_iPhone_client.release.xcconfig"; path = "Pods/Target Support Files/Pods-MovingAD_iPhone_client/Pods-MovingAD_iPhone_client.release.xcconfig"; sourceTree = "<group>"; };
		BBBB6DB5A2485C2D662CED5F /* Pods-MovingAD_iPhone_client.debug.xcconfig */ = {isa = PBXFileReference; includeInIndex = 1; lastKnownFileType = text.xcconfig; name = "Pods-MovingAD_iPhone_client.debug.xcconfig"; path = "Pods/Target Support Files/Pods-MovingAD_iPhone_client/Pods-MovingAD_iPhone_client.debug.xcconfig"; sourceTree = "<group>"; };
		EFF29CEC5CC9AF9326090AD9 /* Pods_MovingAD_iPhone_client.framework */ = {isa = PBXFileReference; explicitFileType = wrapper.framework; includeInIndex = 0; path = Pods_MovingAD_iPhone_client.framework; sourceTree = BUILT_PRODUCTS_DIR; };
		F418B6B61CA01FD100CA7581 /* UIColorExtension.swift */ = {isa = PBXFileReference; fileEncoding = 4; lastKnownFileType = sourcecode.swift; path = UIColorExtension.swift; sourceTree = "<group>"; };
		F422EC361CA3B63200E053D7 /* TestViewController.swift */ = {isa = PBXFileReference; fileEncoding = 4; lastKnownFileType = sourcecode.swift; path = TestViewController.swift; sourceTree = "<group>"; };
		F422EC461CA3C49000E053D7 /* MovingAD_iPhone_client-Bridging-Header.h */ = {isa = PBXFileReference; lastKnownFileType = sourcecode.c.h; path = "MovingAD_iPhone_client-Bridging-Header.h"; sourceTree = "<group>"; };
		F425157E1C9F0E2700D9B2D1 /* MZToastView.swift */ = {isa = PBXFileReference; fileEncoding = 4; lastKnownFileType = sourcecode.swift; path = MZToastView.swift; sourceTree = "<group>"; };
		F43162941CEB39780021E3E9 /* IDRegrex.playground */ = {isa = PBXFileReference; lastKnownFileType = file.playground; name = IDRegrex.playground; path = ../../../../Desktop/playgrounds/IDRegrex.playground; sourceTree = "<group>"; };
		F43162951CEB4AAF0021E3E9 /* MADUserInfo.swift */ = {isa = PBXFileReference; fileEncoding = 4; lastKnownFileType = sourcecode.swift; path = MADUserInfo.swift; sourceTree = "<group>"; };
		F43162971CEB4C390021E3E9 /* MADForgetPasswordViewController.swift */ = {isa = PBXFileReference; fileEncoding = 4; lastKnownFileType = sourcecode.swift; path = MADForgetPasswordViewController.swift; sourceTree = "<group>"; };
		F46EDB501C9FDAD6007E119D /* Animation.swift */ = {isa = PBXFileReference; fileEncoding = 4; lastKnownFileType = sourcecode.swift; path = Animation.swift; sourceTree = "<group>"; };
		F46EDB581C9FDB1B007E119D /* CoreGraphics.framework */ = {isa = PBXFileReference; lastKnownFileType = wrapper.framework; name = CoreGraphics.framework; path = System/Library/Frameworks/CoreGraphics.framework; sourceTree = SDKROOT; };
		F48092D01C9EF77D00A0046A /* MADRegisterViewController.swift */ = {isa = PBXFileReference; fileEncoding = 4; lastKnownFileType = sourcecode.swift; path = MADRegisterViewController.swift; sourceTree = "<group>"; };
		F48092D21C9EFCA800A0046A /* URLs.swift */ = {isa = PBXFileReference; fileEncoding = 4; lastKnownFileType = sourcecode.swift; path = URLs.swift; sourceTree = "<group>"; };
		F48092D41C9EFD2600A0046A /* NetworkUtil.swift */ = {isa = PBXFileReference; fileEncoding = 4; lastKnownFileType = sourcecode.swift; path = NetworkUtil.swift; sourceTree = "<group>"; };
		F48D773A1CB67780004BF2FC /* MADMapViewController.swift */ = {isa = PBXFileReference; fileEncoding = 4; lastKnownFileType = sourcecode.swift; path = MADMapViewController.swift; sourceTree = "<group>"; };
		F4D8B4611CA36933000F4FA3 /* MADDataStorage.swift */ = {isa = PBXFileReference; fileEncoding = 4; lastKnownFileType = sourcecode.swift; path = MADDataStorage.swift; sourceTree = "<group>"; };
		F4D8F0051CB6441E002FAB7B /* MapKit.framework */ = {isa = PBXFileReference; lastKnownFileType = wrapper.framework; name = MapKit.framework; path = System/Library/Frameworks/MapKit.framework; sourceTree = SDKROOT; };
		F4ECFEEC1C9EBECA0023DBF8 /* MovingAD_iPhone_client.app */ = {isa = PBXFileReference; explicitFileType = wrapper.application; includeInIndex = 0; path = MovingAD_iPhone_client.app; sourceTree = BUILT_PRODUCTS_DIR; };
		F4ECFEEF1C9EBECA0023DBF8 /* AppDelegate.swift */ = {isa = PBXFileReference; lastKnownFileType = sourcecode.swift; path = AppDelegate.swift; sourceTree = "<group>"; };
		F4ECFEF41C9EBECA0023DBF8 /* Base */ = {isa = PBXFileReference; lastKnownFileType = file.storyboard; name = Base; path = Base.lproj/Main.storyboard; sourceTree = "<group>"; };
		F4ECFEF61C9EBECA0023DBF8 /* Assets.xcassets */ = {isa = PBXFileReference; lastKnownFileType = folder.assetcatalog; path = Assets.xcassets; sourceTree = "<group>"; };
		F4ECFEF91C9EBECA0023DBF8 /* Base */ = {isa = PBXFileReference; lastKnownFileType = file.storyboard; name = Base; path = Base.lproj/LaunchScreen.storyboard; sourceTree = "<group>"; };
		F4ECFEFB1C9EBECA0023DBF8 /* Info.plist */ = {isa = PBXFileReference; lastKnownFileType = text.plist.xml; path = Info.plist; sourceTree = "<group>"; };
		F4ECFF021C9EBF4F0023DBF8 /* MADLoginViewController.swift */ = {isa = PBXFileReference; fileEncoding = 4; lastKnownFileType = sourcecode.swift; path = MADLoginViewController.swift; sourceTree = "<group>"; };
		F4ECFF061C9EBF960023DBF8 /* AsyncButton.swift */ = {isa = PBXFileReference; fileEncoding = 4; lastKnownFileType = sourcecode.swift; path = AsyncButton.swift; sourceTree = "<group>"; };
		F4ECFF071C9EBF960023DBF8 /* AsyncImageView.swift */ = {isa = PBXFileReference; fileEncoding = 4; lastKnownFileType = sourcecode.swift; path = AsyncImageView.swift; sourceTree = "<group>"; };
		F4ECFF081C9EBF960023DBF8 /* AutoTextView.swift */ = {isa = PBXFileReference; fileEncoding = 4; lastKnownFileType = sourcecode.swift; path = AutoTextView.swift; sourceTree = "<group>"; };
		F4ECFF091C9EBF960023DBF8 /* BlurView.swift */ = {isa = PBXFileReference; fileEncoding = 4; lastKnownFileType = sourcecode.swift; path = BlurView.swift; sourceTree = "<group>"; };
		F4ECFF0A1C9EBF960023DBF8 /* DesignableButton.swift */ = {isa = PBXFileReference; fileEncoding = 4; lastKnownFileType = sourcecode.swift; path = DesignableButton.swift; sourceTree = "<group>"; };
		F4ECFF0B1C9EBF960023DBF8 /* DesignableImageView.swift */ = {isa = PBXFileReference; fileEncoding = 4; lastKnownFileType = sourcecode.swift; path = DesignableImageView.swift; sourceTree = "<group>"; };
		F4ECFF0C1C9EBF960023DBF8 /* DesignableLabel.swift */ = {isa = PBXFileReference; fileEncoding = 4; lastKnownFileType = sourcecode.swift; path = DesignableLabel.swift; sourceTree = "<group>"; };
		F4ECFF0D1C9EBF960023DBF8 /* DesignableTabBarController.swift */ = {isa = PBXFileReference; fileEncoding = 4; lastKnownFileType = sourcecode.swift; path = DesignableTabBarController.swift; sourceTree = "<group>"; };
		F4ECFF0E1C9EBF960023DBF8 /* DesignableTextField.swift */ = {isa = PBXFileReference; fileEncoding = 4; lastKnownFileType = sourcecode.swift; path = DesignableTextField.swift; sourceTree = "<group>"; };
		F4ECFF0F1C9EBF960023DBF8 /* DesignableTextView.swift */ = {isa = PBXFileReference; fileEncoding = 4; lastKnownFileType = sourcecode.swift; path = DesignableTextView.swift; sourceTree = "<group>"; };
		F4ECFF101C9EBF960023DBF8 /* DesignableView.swift */ = {isa = PBXFileReference; fileEncoding = 4; lastKnownFileType = sourcecode.swift; path = DesignableView.swift; sourceTree = "<group>"; };
		F4ECFF111C9EBF960023DBF8 /* ImageLoader.swift */ = {isa = PBXFileReference; fileEncoding = 4; lastKnownFileType = sourcecode.swift; path = ImageLoader.swift; sourceTree = "<group>"; };
		F4ECFF121C9EBF960023DBF8 /* Info.plist */ = {isa = PBXFileReference; fileEncoding = 4; lastKnownFileType = text.plist.xml; path = Info.plist; sourceTree = "<group>"; };
		F4ECFF131C9EBF960023DBF8 /* KeyboardLayoutConstraint.swift */ = {isa = PBXFileReference; fileEncoding = 4; lastKnownFileType = sourcecode.swift; path = KeyboardLayoutConstraint.swift; sourceTree = "<group>"; };
		F4ECFF141C9EBF960023DBF8 /* LoadingView.swift */ = {isa = PBXFileReference; fileEncoding = 4; lastKnownFileType = sourcecode.swift; path = LoadingView.swift; sourceTree = "<group>"; };
		F4ECFF151C9EBF960023DBF8 /* LoadingView.xib */ = {isa = PBXFileReference; fileEncoding = 4; lastKnownFileType = file.xib; path = LoadingView.xib; sourceTree = "<group>"; };
		F4ECFF161C9EBF960023DBF8 /* Misc.swift */ = {isa = PBXFileReference; fileEncoding = 4; lastKnownFileType = sourcecode.swift; path = Misc.swift; sourceTree = "<group>"; };
		F4ECFF171C9EBF960023DBF8 /* SoundPlayer.swift */ = {isa = PBXFileReference; fileEncoding = 4; lastKnownFileType = sourcecode.swift; path = SoundPlayer.swift; sourceTree = "<group>"; };
		F4ECFF181C9EBF960023DBF8 /* Spring.h */ = {isa = PBXFileReference; fileEncoding = 4; lastKnownFileType = sourcecode.c.h; path = Spring.h; sourceTree = "<group>"; };
		F4ECFF191C9EBF960023DBF8 /* Spring.swift */ = {isa = PBXFileReference; fileEncoding = 4; lastKnownFileType = sourcecode.swift; path = Spring.swift; sourceTree = "<group>"; };
		F4ECFF1A1C9EBF960023DBF8 /* SpringAnimation.swift */ = {isa = PBXFileReference; fileEncoding = 4; lastKnownFileType = sourcecode.swift; path = SpringAnimation.swift; sourceTree = "<group>"; };
		F4ECFF1B1C9EBF960023DBF8 /* SpringButton.swift */ = {isa = PBXFileReference; fileEncoding = 4; lastKnownFileType = sourcecode.swift; path = SpringButton.swift; sourceTree = "<group>"; };
		F4ECFF1C1C9EBF960023DBF8 /* SpringImageView.swift */ = {isa = PBXFileReference; fileEncoding = 4; lastKnownFileType = sourcecode.swift; path = SpringImageView.swift; sourceTree = "<group>"; };
		F4ECFF1D1C9EBF960023DBF8 /* SpringLabel.swift */ = {isa = PBXFileReference; fileEncoding = 4; lastKnownFileType = sourcecode.swift; path = SpringLabel.swift; sourceTree = "<group>"; };
		F4ECFF1E1C9EBF960023DBF8 /* SpringTextField.swift */ = {isa = PBXFileReference; fileEncoding = 4; lastKnownFileType = sourcecode.swift; path = SpringTextField.swift; sourceTree = "<group>"; };
		F4ECFF1F1C9EBF960023DBF8 /* SpringTextView.swift */ = {isa = PBXFileReference; fileEncoding = 4; lastKnownFileType = sourcecode.swift; path = SpringTextView.swift; sourceTree = "<group>"; };
		F4ECFF201C9EBF960023DBF8 /* SpringView.swift */ = {isa = PBXFileReference; fileEncoding = 4; lastKnownFileType = sourcecode.swift; path = SpringView.swift; sourceTree = "<group>"; };
		F4ECFF211C9EBF960023DBF8 /* TransitionManager.swift */ = {isa = PBXFileReference; fileEncoding = 4; lastKnownFileType = sourcecode.swift; path = TransitionManager.swift; sourceTree = "<group>"; };
		F4ECFF221C9EBF960023DBF8 /* TransitionZoom.swift */ = {isa = PBXFileReference; fileEncoding = 4; lastKnownFileType = sourcecode.swift; path = TransitionZoom.swift; sourceTree = "<group>"; };
		F4ECFF231C9EBF960023DBF8 /* UnwindSegue.swift */ = {isa = PBXFileReference; fileEncoding = 4; lastKnownFileType = sourcecode.swift; path = UnwindSegue.swift; sourceTree = "<group>"; };
		F4ECFF411C9EBFD40023DBF8 /* SwiftyJSON.swift */ = {isa = PBXFileReference; fileEncoding = 4; lastKnownFileType = sourcecode.swift; path = SwiftyJSON.swift; sourceTree = "<group>"; };
		F4EF90A31CA40AB000711D23 /* MADInputValidation.swift */ = {isa = PBXFileReference; fileEncoding = 4; lastKnownFileType = sourcecode.swift; path = MADInputValidation.swift; sourceTree = "<group>"; };
		F4EF90B11CA4195300711D23 /* MyPlayground.playground */ = {isa = PBXFileReference; lastKnownFileType = file.playground; path = MyPlayground.playground; sourceTree = "<group>"; };
		F4F1B7851CA42041006C6C23 /* MADNewUserViewController.swift */ = {isa = PBXFileReference; fileEncoding = 4; lastKnownFileType = sourcecode.swift; path = MADNewUserViewController.swift; sourceTree = "<group>"; };
		F4FBF0721CA2EB110071CE11 /* MADUploadLicenceViewController.swift */ = {isa = PBXFileReference; fileEncoding = 4; lastKnownFileType = sourcecode.swift; path = MADUploadLicenceViewController.swift; sourceTree = "<group>"; };
		F4FBF0741CA2EE0B0071CE11 /* ViewController.swift */ = {isa = PBXFileReference; fileEncoding = 4; lastKnownFileType = sourcecode.swift; path = ViewController.swift; sourceTree = "<group>"; };
		F4FBF0761CA2EE230071CE11 /* Definitions.swift */ = {isa = PBXFileReference; fileEncoding = 4; lastKnownFileType = sourcecode.swift; path = Definitions.swift; sourceTree = "<group>"; };
		F4FBF0781CA2F4FF0071CE11 /* MADHomeViewController.swift */ = {isa = PBXFileReference; fileEncoding = 4; lastKnownFileType = sourcecode.swift; path = MADHomeViewController.swift; sourceTree = "<group>"; };
/* End PBXFileReference section */

/* Begin PBXFrameworksBuildPhase section */
		F4ECFEE91C9EBECA0023DBF8 /* Frameworks */ = {
			isa = PBXFrameworksBuildPhase;
			buildActionMask = 2147483647;
			files = (
				F46EDB591C9FDB1B007E119D /* CoreGraphics.framework in Frameworks */,
				F4D8F0061CB6441E002FAB7B /* MapKit.framework in Frameworks */,
				272C20F395B46C4190AA4B8A /* Pods_MovingAD_iPhone_client.framework in Frameworks */,
			);
			runOnlyForDeploymentPostprocessing = 0;
		};
/* End PBXFrameworksBuildPhase section */

/* Begin PBXGroup section */
		C02F8FE4AF2AA5BC54F8060B /* Frameworks */ = {
			isa = PBXGroup;
			children = (
				F4D8F0051CB6441E002FAB7B /* MapKit.framework */,
				EFF29CEC5CC9AF9326090AD9 /* Pods_MovingAD_iPhone_client.framework */,
			);
			name = Frameworks;
			sourceTree = "<group>";
		};
		C4881BCA8782AEDC298CB303 /* Pods */ = {
			isa = PBXGroup;
			children = (
				BBBB6DB5A2485C2D662CED5F /* Pods-MovingAD_iPhone_client.debug.xcconfig */,
				02D9640CAC1419F857424CA7 /* Pods-MovingAD_iPhone_client.release.xcconfig */,
			);
			name = Pods;
			sourceTree = "<group>";
		};
		F49E8DC31CA19890006EF5F9 /* Utils */ = {
			isa = PBXGroup;
			children = (
				F4FBF0761CA2EE230071CE11 /* Definitions.swift */,
				F48092D21C9EFCA800A0046A /* URLs.swift */,
				F48092D41C9EFD2600A0046A /* NetworkUtil.swift */,
				F46EDB501C9FDAD6007E119D /* Animation.swift */,
				F4D8B4611CA36933000F4FA3 /* MADDataStorage.swift */,
				F4EF90A31CA40AB000711D23 /* MADInputValidation.swift */,
			);
			name = Utils;
			sourceTree = "<group>";
		};
		F4D8B4631CA36BBF000F4FA3 /* Models */ = {
			isa = PBXGroup;
			children = (
				F43162951CEB4AAF0021E3E9 /* MADUserInfo.swift */,
			);
			name = Models;
			sourceTree = "<group>";
		};
		F4ECFEE31C9EBECA0023DBF8 = {
			isa = PBXGroup;
			children = (
				F46EDB581C9FDB1B007E119D /* CoreGraphics.framework */,
				F4ECFEEE1C9EBECA0023DBF8 /* MovingAD_iPhone_client */,
				F4ECFEED1C9EBECA0023DBF8 /* Products */,
				C02F8FE4AF2AA5BC54F8060B /* Frameworks */,
				C4881BCA8782AEDC298CB303 /* Pods */,
			);
			sourceTree = "<group>";
		};
		F4ECFEED1C9EBECA0023DBF8 /* Products */ = {
			isa = PBXGroup;
			children = (
				F4ECFEEC1C9EBECA0023DBF8 /* MovingAD_iPhone_client.app */,
			);
			name = Products;
			sourceTree = "<group>";
		};
		F4ECFEEE1C9EBECA0023DBF8 /* MovingAD_iPhone_client */ = {
			isa = PBXGroup;
			children = (
				F4ECFF041C9EBF800023DBF8 /* ThirdLibraries */,
				F4ECFF011C9EBF170023DBF8 /* ViewControllers */,
				F49E8DC31CA19890006EF5F9 /* Utils */,
				F4D8B4631CA36BBF000F4FA3 /* Models */,
				F4ECFEF31C9EBECA0023DBF8 /* Main.storyboard */,
				F422EC361CA3B63200E053D7 /* TestViewController.swift */,
				F4ECFEF61C9EBECA0023DBF8 /* Assets.xcassets */,
				F4FBF07A1CA2F52B0071CE11 /* SupportingFiles */,
			);
			path = MovingAD_iPhone_client;
			sourceTree = "<group>";
		};
		F4ECFF011C9EBF170023DBF8 /* ViewControllers */ = {
			isa = PBXGroup;
			children = (
				F4FBF0741CA2EE0B0071CE11 /* ViewController.swift */,
				F4ECFF021C9EBF4F0023DBF8 /* MADLoginViewController.swift */,
				F43162971CEB4C390021E3E9 /* MADForgetPasswordViewController.swift */,
				F48092D01C9EF77D00A0046A /* MADRegisterViewController.swift */,
				F4FBF0781CA2F4FF0071CE11 /* MADHomeViewController.swift */,
				F4FBF0721CA2EB110071CE11 /* MADUploadLicenceViewController.swift */,
				F4F1B7851CA42041006C6C23 /* MADNewUserViewController.swift */,
				F48D773A1CB67780004BF2FC /* MADMapViewController.swift */,
				F43162941CEB39780021E3E9 /* IDRegrex.playground */,
			);
			name = ViewControllers;
			sourceTree = "<group>";
		};
		F4ECFF041C9EBF800023DBF8 /* ThirdLibraries */ = {
			isa = PBXGroup;
			children = (
				F4ECFF051C9EBF960023DBF8 /* Spring */,
				F4ECFF411C9EBFD40023DBF8 /* SwiftyJSON.swift */,
				F425157E1C9F0E2700D9B2D1 /* MZToastView.swift */,
				F418B6B61CA01FD100CA7581 /* UIColorExtension.swift */,
				F422EC461CA3C49000E053D7 /* MovingAD_iPhone_client-Bridging-Header.h */,
			);
			name = ThirdLibraries;
			sourceTree = "<group>";
		};
		F4ECFF051C9EBF960023DBF8 /* Spring */ = {
			isa = PBXGroup;
			children = (
				F4ECFF061C9EBF960023DBF8 /* AsyncButton.swift */,
				F4ECFF071C9EBF960023DBF8 /* AsyncImageView.swift */,
				F4ECFF081C9EBF960023DBF8 /* AutoTextView.swift */,
				F4ECFF091C9EBF960023DBF8 /* BlurView.swift */,
				F4ECFF0A1C9EBF960023DBF8 /* DesignableButton.swift */,
				F4ECFF0B1C9EBF960023DBF8 /* DesignableImageView.swift */,
				F4ECFF0C1C9EBF960023DBF8 /* DesignableLabel.swift */,
				F4ECFF0D1C9EBF960023DBF8 /* DesignableTabBarController.swift */,
				F4ECFF0E1C9EBF960023DBF8 /* DesignableTextField.swift */,
				F4ECFF0F1C9EBF960023DBF8 /* DesignableTextView.swift */,
				F4ECFF101C9EBF960023DBF8 /* DesignableView.swift */,
				F4ECFF111C9EBF960023DBF8 /* ImageLoader.swift */,
				F4ECFF121C9EBF960023DBF8 /* Info.plist */,
				F4ECFF131C9EBF960023DBF8 /* KeyboardLayoutConstraint.swift */,
				F4ECFF141C9EBF960023DBF8 /* LoadingView.swift */,
				F4ECFF151C9EBF960023DBF8 /* LoadingView.xib */,
				F4ECFF161C9EBF960023DBF8 /* Misc.swift */,
				F4ECFF171C9EBF960023DBF8 /* SoundPlayer.swift */,
				F4ECFF181C9EBF960023DBF8 /* Spring.h */,
				F4ECFF191C9EBF960023DBF8 /* Spring.swift */,
				F4ECFF1A1C9EBF960023DBF8 /* SpringAnimation.swift */,
				F4ECFF1B1C9EBF960023DBF8 /* SpringButton.swift */,
				F4ECFF1C1C9EBF960023DBF8 /* SpringImageView.swift */,
				F4ECFF1D1C9EBF960023DBF8 /* SpringLabel.swift */,
				F4ECFF1E1C9EBF960023DBF8 /* SpringTextField.swift */,
				F4ECFF1F1C9EBF960023DBF8 /* SpringTextView.swift */,
				F4ECFF201C9EBF960023DBF8 /* SpringView.swift */,
				F4ECFF211C9EBF960023DBF8 /* TransitionManager.swift */,
				F4ECFF221C9EBF960023DBF8 /* TransitionZoom.swift */,
				F4ECFF231C9EBF960023DBF8 /* UnwindSegue.swift */,
			);
			path = Spring;
			sourceTree = "<group>";
		};
		F4FBF07A1CA2F52B0071CE11 /* SupportingFiles */ = {
			isa = PBXGroup;
			children = (
				F4ECFEF81C9EBECA0023DBF8 /* LaunchScreen.storyboard */,
				F4ECFEEF1C9EBECA0023DBF8 /* AppDelegate.swift */,
				F4ECFEFB1C9EBECA0023DBF8 /* Info.plist */,
				F4EF90B11CA4195300711D23 /* MyPlayground.playground */,
			);
			name = SupportingFiles;
			sourceTree = "<group>";
		};
/* End PBXGroup section */

/* Begin PBXNativeTarget section */
		F4ECFEEB1C9EBECA0023DBF8 /* MovingAD_iPhone_client */ = {
			isa = PBXNativeTarget;
			buildConfigurationList = F4ECFEFE1C9EBECA0023DBF8 /* Build configuration list for PBXNativeTarget "MovingAD_iPhone_client" */;
			buildPhases = (
				3CD2A58536DCD7B985EB2EC6 /* 📦 Check Pods Manifest.lock */,
				F4ECFEE81C9EBECA0023DBF8 /* Sources */,
				F4ECFEE91C9EBECA0023DBF8 /* Frameworks */,
				F4ECFEEA1C9EBECA0023DBF8 /* Resources */,
				E7EDBAA62CA4D559A0C3C935 /* 📦 Embed Pods Frameworks */,
				9FB6DF6C65ABED48058103BF /* 📦 Copy Pods Resources */,
			);
			buildRules = (
			);
			dependencies = (
			);
			name = MovingAD_iPhone_client;
			productName = MovingAD_iPhone_client;
			productReference = F4ECFEEC1C9EBECA0023DBF8 /* MovingAD_iPhone_client.app */;
			productType = "com.apple.product-type.application";
		};
/* End PBXNativeTarget section */

/* Begin PBXProject section */
		F4ECFEE41C9EBECA0023DBF8 /* Project object */ = {
			isa = PBXProject;
			attributes = {
				LastSwiftUpdateCheck = 0730;
				LastUpgradeCheck = 0730;
				ORGANIZATIONNAME = MonzyZhang;
				TargetAttributes = {
					F4ECFEEB1C9EBECA0023DBF8 = {
						CreatedOnToolsVersion = 7.3;
						DevelopmentTeam = 2ZRG877LXA;
						SystemCapabilities = {
							com.apple.Maps.iOS = {
								enabled = 1;
							};
						};
					};
				};
			};
			buildConfigurationList = F4ECFEE71C9EBECA0023DBF8 /* Build configuration list for PBXProject "MovingAD_iPhone_client" */;
			compatibilityVersion = "Xcode 3.2";
			developmentRegion = English;
			hasScannedForEncodings = 0;
			knownRegions = (
				en,
				Base,
			);
			mainGroup = F4ECFEE31C9EBECA0023DBF8;
			productRefGroup = F4ECFEED1C9EBECA0023DBF8 /* Products */;
			projectDirPath = "";
			projectRoot = "";
			targets = (
				F4ECFEEB1C9EBECA0023DBF8 /* MovingAD_iPhone_client */,
			);
		};
/* End PBXProject section */

/* Begin PBXResourcesBuildPhase section */
		F4ECFEEA1C9EBECA0023DBF8 /* Resources */ = {
			isa = PBXResourcesBuildPhase;
			buildActionMask = 2147483647;
			files = (
				F4ECFF301C9EBF960023DBF8 /* Info.plist in Resources */,
				F4ECFEFA1C9EBECA0023DBF8 /* LaunchScreen.storyboard in Resources */,
				F4ECFEF71C9EBECA0023DBF8 /* Assets.xcassets in Resources */,
				F4ECFEF51C9EBECA0023DBF8 /* Main.storyboard in Resources */,
				F4ECFF331C9EBF960023DBF8 /* LoadingView.xib in Resources */,
			);
			runOnlyForDeploymentPostprocessing = 0;
		};
/* End PBXResourcesBuildPhase section */

/* Begin PBXShellScriptBuildPhase section */
		3CD2A58536DCD7B985EB2EC6 /* 📦 Check Pods Manifest.lock */ = {
			isa = PBXShellScriptBuildPhase;
			buildActionMask = 2147483647;
			files = (
			);
			inputPaths = (
			);
			name = "📦 Check Pods Manifest.lock";
			outputPaths = (
			);
			runOnlyForDeploymentPostprocessing = 0;
			shellPath = /bin/sh;
			shellScript = "diff \"${PODS_ROOT}/../Podfile.lock\" \"${PODS_ROOT}/Manifest.lock\" > /dev/null\nif [[ $? != 0 ]] ; then\n    cat << EOM\nerror: The sandbox is not in sync with the Podfile.lock. Run 'pod install' or update your CocoaPods installation.\nEOM\n    exit 1\nfi\n";
			showEnvVarsInLog = 0;
		};
		9FB6DF6C65ABED48058103BF /* 📦 Copy Pods Resources */ = {
			isa = PBXShellScriptBuildPhase;
			buildActionMask = 2147483647;
			files = (
			);
			inputPaths = (
			);
			name = "📦 Copy Pods Resources";
			outputPaths = (
			);
			runOnlyForDeploymentPostprocessing = 0;
			shellPath = /bin/sh;
			shellScript = "\"${SRCROOT}/Pods/Target Support Files/Pods-MovingAD_iPhone_client/Pods-MovingAD_iPhone_client-resources.sh\"\n";
			showEnvVarsInLog = 0;
		};
		E7EDBAA62CA4D559A0C3C935 /* 📦 Embed Pods Frameworks */ = {
			isa = PBXShellScriptBuildPhase;
			buildActionMask = 2147483647;
			files = (
			);
			inputPaths = (
			);
			name = "📦 Embed Pods Frameworks";
			outputPaths = (
			);
			runOnlyForDeploymentPostprocessing = 0;
			shellPath = /bin/sh;
			shellScript = "\"${SRCROOT}/Pods/Target Support Files/Pods-MovingAD_iPhone_client/Pods-MovingAD_iPhone_client-frameworks.sh\"\n";
			showEnvVarsInLog = 0;
		};
/* End PBXShellScriptBuildPhase section */

/* Begin PBXSourcesBuildPhase section */
		F4ECFEE81C9EBECA0023DBF8 /* Sources */ = {
			isa = PBXSourcesBuildPhase;
			buildActionMask = 2147483647;
			files = (
				F4ECFF3A1C9EBF960023DBF8 /* SpringLabel.swift in Sources */,
				F4ECFF2F1C9EBF960023DBF8 /* ImageLoader.swift in Sources */,
				F4D8B4621CA36933000F4FA3 /* MADDataStorage.swift in Sources */,
				F4ECFF341C9EBF960023DBF8 /* Misc.swift in Sources */,
				F48D773B1CB67780004BF2FC /* MADMapViewController.swift in Sources */,
				F4ECFF421C9EBFD40023DBF8 /* SwiftyJSON.swift in Sources */,
				F4FBF0791CA2F4FF0071CE11 /* MADHomeViewController.swift in Sources */,
				F4ECFF291C9EBF960023DBF8 /* DesignableImageView.swift in Sources */,
				F422EC371CA3B63200E053D7 /* TestViewController.swift in Sources */,
				F4ECFF391C9EBF960023DBF8 /* SpringImageView.swift in Sources */,
				F4ECFEF01C9EBECA0023DBF8 /* AppDelegate.swift in Sources */,
				F4ECFF351C9EBF960023DBF8 /* SoundPlayer.swift in Sources */,
				F4FBF0771CA2EE230071CE11 /* Definitions.swift in Sources */,
				F43162961CEB4AAF0021E3E9 /* MADUserInfo.swift in Sources */,
				F4ECFF3C1C9EBF960023DBF8 /* SpringTextView.swift in Sources */,
				F4ECFF031C9EBF4F0023DBF8 /* MADLoginViewController.swift in Sources */,
				F4ECFF2E1C9EBF960023DBF8 /* DesignableView.swift in Sources */,
				F4ECFF371C9EBF960023DBF8 /* SpringAnimation.swift in Sources */,
				F4ECFF361C9EBF960023DBF8 /* Spring.swift in Sources */,
				F4ECFF321C9EBF960023DBF8 /* LoadingView.swift in Sources */,
				F4ECFF3B1C9EBF960023DBF8 /* SpringTextField.swift in Sources */,
				F48092D11C9EF77D00A0046A /* MADRegisterViewController.swift in Sources */,
				F4ECFF281C9EBF960023DBF8 /* DesignableButton.swift in Sources */,
				F425157F1C9F0E2700D9B2D1 /* MZToastView.swift in Sources */,
				F4ECFF2C1C9EBF960023DBF8 /* DesignableTextField.swift in Sources */,
				F4ECFF241C9EBF960023DBF8 /* AsyncButton.swift in Sources */,
				F4ECFF311C9EBF960023DBF8 /* KeyboardLayoutConstraint.swift in Sources */,
				F4FBF0751CA2EE0B0071CE11 /* ViewController.swift in Sources */,
				F4ECFF381C9EBF960023DBF8 /* SpringButton.swift in Sources */,
				F4ECFF251C9EBF960023DBF8 /* AsyncImageView.swift in Sources */,
				F418B6B71CA01FD100CA7581 /* UIColorExtension.swift in Sources */,
				F4ECFF2B1C9EBF960023DBF8 /* DesignableTabBarController.swift in Sources */,
				F4ECFF261C9EBF960023DBF8 /* AutoTextView.swift in Sources */,
				F48092D31C9EFCA800A0046A /* URLs.swift in Sources */,
				F4FBF0731CA2EB110071CE11 /* MADUploadLicenceViewController.swift in Sources */,
				F4F1B7861CA42041006C6C23 /* MADNewUserViewController.swift in Sources */,
				F4ECFF2D1C9EBF960023DBF8 /* DesignableTextView.swift in Sources */,
				F4ECFF2A1C9EBF960023DBF8 /* DesignableLabel.swift in Sources */,
				F48092D51C9EFD2600A0046A /* NetworkUtil.swift in Sources */,
				F4ECFF401C9EBF960023DBF8 /* UnwindSegue.swift in Sources */,
				F4ECFF3E1C9EBF960023DBF8 /* TransitionManager.swift in Sources */,
				F4ECFF271C9EBF960023DBF8 /* BlurView.swift in Sources */,
				F43162981CEB4C390021E3E9 /* MADForgetPasswordViewController.swift in Sources */,
				F4ECFF3D1C9EBF960023DBF8 /* SpringView.swift in Sources */,
				F46EDB511C9FDAD6007E119D /* Animation.swift in Sources */,
				F4EF90A41CA40AB000711D23 /* MADInputValidation.swift in Sources */,
				F4ECFF3F1C9EBF960023DBF8 /* TransitionZoom.swift in Sources */,
			);
			runOnlyForDeploymentPostprocessing = 0;
		};
/* End PBXSourcesBuildPhase section */

/* Begin PBXVariantGroup section */
		F4ECFEF31C9EBECA0023DBF8 /* Main.storyboard */ = {
			isa = PBXVariantGroup;
			children = (
				F4ECFEF41C9EBECA0023DBF8 /* Base */,
			);
			name = Main.storyboard;
			sourceTree = "<group>";
		};
		F4ECFEF81C9EBECA0023DBF8 /* LaunchScreen.storyboard */ = {
			isa = PBXVariantGroup;
			children = (
				F4ECFEF91C9EBECA0023DBF8 /* Base */,
			);
			name = LaunchScreen.storyboard;
			sourceTree = "<group>";
		};
/* End PBXVariantGroup section */

/* Begin XCBuildConfiguration section */
		F4ECFEFC1C9EBECA0023DBF8 /* Debug */ = {
			isa = XCBuildConfiguration;
			buildSettings = {
				ALWAYS_SEARCH_USER_PATHS = NO;
				CLANG_ANALYZER_NONNULL = YES;
				CLANG_CXX_LANGUAGE_STANDARD = "gnu++0x";
				CLANG_CXX_LIBRARY = "libc++";
				CLANG_ENABLE_MODULES = YES;
				CLANG_ENABLE_OBJC_ARC = YES;
				CLANG_WARN_BOOL_CONVERSION = YES;
				CLANG_WARN_CONSTANT_CONVERSION = YES;
				CLANG_WARN_DIRECT_OBJC_ISA_USAGE = YES_ERROR;
				CLANG_WARN_EMPTY_BODY = YES;
				CLANG_WARN_ENUM_CONVERSION = YES;
				CLANG_WARN_INT_CONVERSION = YES;
				CLANG_WARN_OBJC_ROOT_CLASS = YES_ERROR;
				CLANG_WARN_UNREACHABLE_CODE = YES;
				CLANG_WARN__DUPLICATE_METHOD_MATCH = YES;
				"CODE_SIGN_IDENTITY[sdk=iphoneos*]" = "iPhone Developer";
				COPY_PHASE_STRIP = NO;
				DEBUG_INFORMATION_FORMAT = dwarf;
				ENABLE_STRICT_OBJC_MSGSEND = YES;
				ENABLE_TESTABILITY = YES;
				GCC_C_LANGUAGE_STANDARD = gnu99;
				GCC_DYNAMIC_NO_PIC = NO;
				GCC_NO_COMMON_BLOCKS = YES;
				GCC_OPTIMIZATION_LEVEL = 0;
				GCC_PREPROCESSOR_DEFINITIONS = (
					"DEBUG=1",
					"$(inherited)",
				);
				GCC_WARN_64_TO_32_BIT_CONVERSION = YES;
				GCC_WARN_ABOUT_RETURN_TYPE = YES_ERROR;
				GCC_WARN_UNDECLARED_SELECTOR = YES;
				GCC_WARN_UNINITIALIZED_AUTOS = YES_AGGRESSIVE;
				GCC_WARN_UNUSED_FUNCTION = YES;
				GCC_WARN_UNUSED_VARIABLE = YES;
				IPHONEOS_DEPLOYMENT_TARGET = 9.3;
				MTL_ENABLE_DEBUG_INFO = YES;
				ONLY_ACTIVE_ARCH = YES;
				SDKROOT = iphoneos;
				SWIFT_OPTIMIZATION_LEVEL = "-Onone";
				TARGETED_DEVICE_FAMILY = "1,2";
			};
			name = Debug;
		};
		F4ECFEFD1C9EBECA0023DBF8 /* Release */ = {
			isa = XCBuildConfiguration;
			buildSettings = {
				ALWAYS_SEARCH_USER_PATHS = NO;
				CLANG_ANALYZER_NONNULL = YES;
				CLANG_CXX_LANGUAGE_STANDARD = "gnu++0x";
				CLANG_CXX_LIBRARY = "libc++";
				CLANG_ENABLE_MODULES = YES;
				CLANG_ENABLE_OBJC_ARC = YES;
				CLANG_WARN_BOOL_CONVERSION = YES;
				CLANG_WARN_CONSTANT_CONVERSION = YES;
				CLANG_WARN_DIRECT_OBJC_ISA_USAGE = YES_ERROR;
				CLANG_WARN_EMPTY_BODY = YES;
				CLANG_WARN_ENUM_CONVERSION = YES;
				CLANG_WARN_INT_CONVERSION = YES;
				CLANG_WARN_OBJC_ROOT_CLASS = YES_ERROR;
				CLANG_WARN_UNREACHABLE_CODE = YES;
				CLANG_WARN__DUPLICATE_METHOD_MATCH = YES;
				"CODE_SIGN_IDENTITY[sdk=iphoneos*]" = "iPhone Developer";
				COPY_PHASE_STRIP = NO;
				DEBUG_INFORMATION_FORMAT = "dwarf-with-dsym";
				ENABLE_NS_ASSERTIONS = NO;
				ENABLE_STRICT_OBJC_MSGSEND = YES;
				GCC_C_LANGUAGE_STANDARD = gnu99;
				GCC_NO_COMMON_BLOCKS = YES;
				GCC_WARN_64_TO_32_BIT_CONVERSION = YES;
				GCC_WARN_ABOUT_RETURN_TYPE = YES_ERROR;
				GCC_WARN_UNDECLARED_SELECTOR = YES;
				GCC_WARN_UNINITIALIZED_AUTOS = YES_AGGRESSIVE;
				GCC_WARN_UNUSED_FUNCTION = YES;
				GCC_WARN_UNUSED_VARIABLE = YES;
				IPHONEOS_DEPLOYMENT_TARGET = 9.3;
				MTL_ENABLE_DEBUG_INFO = NO;
				SDKROOT = iphoneos;
				TARGETED_DEVICE_FAMILY = "1,2";
				VALIDATE_PRODUCT = YES;
			};
			name = Release;
		};
		F4ECFEFF1C9EBECA0023DBF8 /* Debug */ = {
			isa = XCBuildConfiguration;
			baseConfigurationReference = BBBB6DB5A2485C2D662CED5F /* Pods-MovingAD_iPhone_client.debug.xcconfig */;
			buildSettings = {
				ASSETCATALOG_COMPILER_APPICON_NAME = AppIcon;
				CLANG_ENABLE_MODULES = YES;
				CODE_SIGN_IDENTITY = "iPhone Developer";
				"CODE_SIGN_IDENTITY[sdk=iphoneos*]" = "iPhone Developer";
				INFOPLIST_FILE = MovingAD_iPhone_client/Info.plist;
				IPHONEOS_DEPLOYMENT_TARGET = 8.1;
				LD_RUNPATH_SEARCH_PATHS = "$(inherited) @executable_path/Frameworks";
				PRODUCT_BUNDLE_IDENTIFIER = com.Monzy.Zhang.MovingAD;
				PRODUCT_NAME = "$(TARGET_NAME)";
				PROVISIONING_PROFILE = "";
				SWIFT_OBJC_BRIDGING_HEADER = "MovingAD_iPhone_client/MovingAD_iPhone_client-Bridging-Header.h";
				SWIFT_OPTIMIZATION_LEVEL = "-Onone";
			};
			name = Debug;
		};
		F4ECFF001C9EBECA0023DBF8 /* Release */ = {
			isa = XCBuildConfiguration;
			baseConfigurationReference = 02D9640CAC1419F857424CA7 /* Pods-MovingAD_iPhone_client.release.xcconfig */;
			buildSettings = {
				ASSETCATALOG_COMPILER_APPICON_NAME = AppIcon;
				CLANG_ENABLE_MODULES = YES;
				CODE_SIGN_IDENTITY = "iPhone Developer";
				"CODE_SIGN_IDENTITY[sdk=iphoneos*]" = "iPhone Developer";
				INFOPLIST_FILE = MovingAD_iPhone_client/Info.plist;
				IPHONEOS_DEPLOYMENT_TARGET = 8.1;
				LD_RUNPATH_SEARCH_PATHS = "$(inherited) @executable_path/Frameworks";
				PRODUCT_BUNDLE_IDENTIFIER = com.Monzy.Zhang.MovingAD;
				PRODUCT_NAME = "$(TARGET_NAME)";
				PROVISIONING_PROFILE = "";
				SWIFT_OBJC_BRIDGING_HEADER = "MovingAD_iPhone_client/MovingAD_iPhone_client-Bridging-Header.h";
			};
			name = Release;
		};
/* End XCBuildConfiguration section */

/* Begin XCConfigurationList section */
		F4ECFEE71C9EBECA0023DBF8 /* Build configuration list for PBXProject "MovingAD_iPhone_client" */ = {
			isa = XCConfigurationList;
			buildConfigurations = (
				F4ECFEFC1C9EBECA0023DBF8 /* Debug */,
				F4ECFEFD1C9EBECA0023DBF8 /* Release */,
			);
			defaultConfigurationIsVisible = 0;
			defaultConfigurationName = Release;
		};
		F4ECFEFE1C9EBECA0023DBF8 /* Build configuration list for PBXNativeTarget "MovingAD_iPhone_client" */ = {
			isa = XCConfigurationList;
			buildConfigurations = (
				F4ECFEFF1C9EBECA0023DBF8 /* Debug */,
				F4ECFF001C9EBECA0023DBF8 /* Release */,
			);
			defaultConfigurationIsVisible = 0;
			defaultConfigurationName = Release;
		};
/* End XCConfigurationList section */
	};
	rootObject = F4ECFEE41C9EBECA0023DBF8 /* Project object */;
}
